Microsoft Visual Studio Solution File, Format Version 12.00
# Visual Studio Version 17
VisualStudioVersion = 17.8.0.0
MinimumVisualStudioVersion = 17.8.0.0
Project("{9A19103F-16F7-4668-BE54-9A1E7A4F7556}") = "aspire-deploy-with-redis.AppHost", "aspire-deploy-with-redis.AppHost\aspire-deploy-with-redis.AppHost.csproj", "{4361103E-F833-4CA8-B008-57357A26D2AD}"
EndProject
Project("{9A19103F-16F7-4668-BE54-9A1E7A4F7556}") = "aspire-deploy-with-redis.ServiceDefaults", "aspire-deploy-with-redis.ServiceDefaults\aspire-deploy-with-redis.ServiceDefaults.csproj", "{DBF61C37-D771-475A-B396-858A4C3E5C50}"
EndProject
Project("{9A19103F-16F7-4668-BE54-9A1E7A4F7556}") = "aspire-deploy-with-redis.ApiService", "aspire-deploy-with-redis.ApiService\aspire-deploy-with-redis.ApiService.csproj", "{24DC0099-54EF-4547-8025-ADF53F8EEDA6}"
EndProject
Project("{9A19103F-16F7-4668-BE54-9A1E7A4F7556}") = "aspire-deploy-with-redis.Web", "aspire-deploy-with-redis.Web\aspire-deploy-with-redis.Web.csproj", "{175F27FB-9C70-4BE4-AD12-299064AADA59}"
EndProject
Global
	GlobalSection(SolutionConfigurationPlatforms) = preSolution
		Debug|Any CPU = Debug|Any CPU
		Release|Any CPU = Release|Any CPU
	EndGlobalSection
	GlobalSection(ProjectConfigurationPlatforms) = postSolution
		{4361103E-F833-4CA8-B008-57357A26D2AD}.Debug|Any CPU.ActiveCfg = Debug|Any CPU
		{4361103E-F833-4CA8-B008-57357A26D2AD}.Debug|Any CPU.Build.0 = Debug|Any CPU
		{4361103E-F833-4CA8-B008-57357A26D2AD}.Release|Any CPU.ActiveCfg = Release|Any CPU
		{4361103E-F833-4CA8-B008-57357A26D2AD}.Release|Any CPU.Build.0 = Release|Any CPU
		{DBF61C37-D771-475A-B396-858A4C3E5C50}.Debug|Any CPU.ActiveCfg = Debug|Any CPU
		{DBF61C37-D771-475A-B396-858A4C3E5C50}.Debug|Any CPU.Build.0 = Debug|Any CPU
		{DBF61C37-D771-475A-B396-858A4C3E5C50}.Release|Any CPU.ActiveCfg = Release|Any CPU
		{DBF61C37-D771-475A-B396-858A4C3E5C50}.Release|Any CPU.Build.0 = Release|Any CPU
		{24DC0099-54EF-4547-8025-ADF53F8EEDA6}.Debug|Any CPU.ActiveCfg = Debug|Any CPU
		{24DC0099-54EF-4547-8025-ADF53F8EEDA6}.Debug|Any CPU.Build.0 = Debug|Any CPU
		{24DC0099-54EF-4547-8025-ADF53F8EEDA6}.Release|Any CPU.ActiveCfg = Release|Any CPU
		{24DC0099-54EF-4547-8025-ADF53F8EEDA6}.Release|Any CPU.Build.0 = Release|Any CPU
		{175F27FB-9C70-4BE4-AD12-299064AADA59}.Debug|Any CPU.ActiveCfg = Debug|Any CPU
		{175F27FB-9C70-4BE4-AD12-299064AADA59}.Debug|Any CPU.Build.0 = Debug|Any CPU
		{175F27FB-9C70-4BE4-AD12-299064AADA59}.Release|Any CPU.ActiveCfg = Release|Any CPU
		{175F27FB-9C70-4BE4-AD12-299064AADA59}.Release|Any CPU.Build.0 = Release|Any CPU
	EndGlobalSection
	GlobalSection(SolutionProperties) = preSolution
		HideSolutionNode = FALSE
	EndGlobalSection
	GlobalSection(ExtensibilityGlobals) = postSolution
		SolutionGuid = {35777403-3BBF-4A7D-B82F-310276312E33}
	EndGlobalSection
EndGlobal
